
Microsoft Visual Studio Solution File, Format Version 12.00
# Visual Studio 14
VisualStudioVersion = 14.0.25420.1
MinimumVisualStudioVersion = 10.0.40219.1
Project("{FAE04EC0-301F-11D3-BF4B-00C04F79EFBC}") = "SearchInsertPosition", "SearchInsertPosition\SearchInsertPosition.csproj", "{D309CC7F-B27B-4152-977E-7C8772E9315F}"
EndProject
Project("{FAE04EC0-301F-11D3-BF4B-00C04F79EFBC}") = "SearchInsertPosition_Test", "SearchInsertPosition_Test\SearchInsertPosition_Test.csproj", "{2CAAF812-237A-4D50-A8C9-236B1448C7CF}"
EndProject
Project("{FAE04EC0-301F-11D3-BF4B-00C04F79EFBC}") = "ReverseInteger", "ReverseInteger\ReverseInteger.csproj", "{59C6DACE-E7B9-4AF8-A27D-DE173900BC1F}"
EndProject
Project("{FAE04EC0-301F-11D3-BF4B-00C04F79EFBC}") = "Divisor", "Divisor\Divisor.csproj", "{E3F02718-9915-4AB0-B06A-4A22CACDE9A9}"
EndProject
Project("{FAE04EC0-301F-11D3-BF4B-00C04F79EFBC}") = "CountPrimes", "CountPrimes\CountPrimes.csproj", "{F4960B49-6FA9-484A-94E0-1F98B88954E5}"
EndProject
Project("{FAE04EC0-301F-11D3-BF4B-00C04F79EFBC}") = "ContainsDuplicates", "ContainsDuplicates\ContainsDuplicates.csproj", "{F66FCF8E-F281-4ED8-B67E-FBD8247CAA02}"
EndProject
Project("{FAE04EC0-301F-11D3-BF4B-00C04F79EFBC}") = "Sqrt", "Sqrt\Sqrt.csproj", "{5BE96D6D-E019-4078-BAC0-5C75CD24F4AE}"
EndProject
Project("{FAE04EC0-301F-11D3-BF4B-00C04F79EFBC}") = "Sqrt.Test", "Sqrt.Test\Sqrt.Test.csproj", "{B556A187-CA15-49EA-AA80-67410BB3D71C}"
EndProject
Project("{FAE04EC0-301F-11D3-BF4B-00C04F79EFBC}") = "ReverseInteger.Test", "ReverseInteger.Test\ReverseInteger.Test.csproj", "{E0E71F9B-0222-4C76-BEC7-F7AECAAED1DE}"
EndProject
Global
	GlobalSection(SolutionConfigurationPlatforms) = preSolution
		Debug|Any CPU = Debug|Any CPU
		Release|Any CPU = Release|Any CPU
	EndGlobalSection
	GlobalSection(ProjectConfigurationPlatforms) = postSolution
		{D309CC7F-B27B-4152-977E-7C8772E9315F}.Debug|Any CPU.ActiveCfg = Debug|Any CPU
		{D309CC7F-B27B-4152-977E-7C8772E9315F}.Debug|Any CPU.Build.0 = Debug|Any CPU
		{D309CC7F-B27B-4152-977E-7C8772E9315F}.Release|Any CPU.ActiveCfg = Release|Any CPU
		{D309CC7F-B27B-4152-977E-7C8772E9315F}.Release|Any CPU.Build.0 = Release|Any CPU
		{2CAAF812-237A-4D50-A8C9-236B1448C7CF}.Debug|Any CPU.ActiveCfg = Debug|Any CPU
		{2CAAF812-237A-4D50-A8C9-236B1448C7CF}.Debug|Any CPU.Build.0 = Debug|Any CPU
		{2CAAF812-237A-4D50-A8C9-236B1448C7CF}.Release|Any CPU.ActiveCfg = Release|Any CPU
		{2CAAF812-237A-4D50-A8C9-236B1448C7CF}.Release|Any CPU.Build.0 = Release|Any CPU
		{59C6DACE-E7B9-4AF8-A27D-DE173900BC1F}.Debug|Any CPU.ActiveCfg = Debug|Any CPU
		{59C6DACE-E7B9-4AF8-A27D-DE173900BC1F}.Debug|Any CPU.Build.0 = Debug|Any CPU
		{59C6DACE-E7B9-4AF8-A27D-DE173900BC1F}.Release|Any CPU.ActiveCfg = Release|Any CPU
		{59C6DACE-E7B9-4AF8-A27D-DE173900BC1F}.Release|Any CPU.Build.0 = Release|Any CPU
		{E3F02718-9915-4AB0-B06A-4A22CACDE9A9}.Debug|Any CPU.ActiveCfg = Debug|Any CPU
		{E3F02718-9915-4AB0-B06A-4A22CACDE9A9}.Debug|Any CPU.Build.0 = Debug|Any CPU
		{E3F02718-9915-4AB0-B06A-4A22CACDE9A9}.Release|Any CPU.ActiveCfg = Release|Any CPU
		{E3F02718-9915-4AB0-B06A-4A22CACDE9A9}.Release|Any CPU.Build.0 = Release|Any CPU
		{F4960B49-6FA9-484A-94E0-1F98B88954E5}.Debug|Any CPU.ActiveCfg = Debug|Any CPU
		{F4960B49-6FA9-484A-94E0-1F98B88954E5}.Debug|Any CPU.Build.0 = Debug|Any CPU
		{F4960B49-6FA9-484A-94E0-1F98B88954E5}.Release|Any CPU.ActiveCfg = Release|Any CPU
		{F4960B49-6FA9-484A-94E0-1F98B88954E5}.Release|Any CPU.Build.0 = Release|Any CPU
		{F66FCF8E-F281-4ED8-B67E-FBD8247CAA02}.Debug|Any CPU.ActiveCfg = Debug|Any CPU
		{F66FCF8E-F281-4ED8-B67E-FBD8247CAA02}.Debug|Any CPU.Build.0 = Debug|Any CPU
		{F66FCF8E-F281-4ED8-B67E-FBD8247CAA02}.Release|Any CPU.ActiveCfg = Release|Any CPU
		{F66FCF8E-F281-4ED8-B67E-FBD8247CAA02}.Release|Any CPU.Build.0 = Release|Any CPU
		{5BE96D6D-E019-4078-BAC0-5C75CD24F4AE}.Debug|Any CPU.ActiveCfg = Debug|Any CPU
		{5BE96D6D-E019-4078-BAC0-5C75CD24F4AE}.Debug|Any CPU.Build.0 = Debug|Any CPU
		{5BE96D6D-E019-4078-BAC0-5C75CD24F4AE}.Release|Any CPU.ActiveCfg = Release|Any CPU
		{5BE96D6D-E019-4078-BAC0-5C75CD24F4AE}.Release|Any CPU.Build.0 = Release|Any CPU
		{B556A187-CA15-49EA-AA80-67410BB3D71C}.Debug|Any CPU.ActiveCfg = Debug|Any CPU
		{B556A187-CA15-49EA-AA80-67410BB3D71C}.Debug|Any CPU.Build.0 = Debug|Any CPU
		{B556A187-CA15-49EA-AA80-67410BB3D71C}.Release|Any CPU.ActiveCfg = Release|Any CPU
		{B556A187-CA15-49EA-AA80-67410BB3D71C}.Release|Any CPU.Build.0 = Release|Any CPU
		{E0E71F9B-0222-4C76-BEC7-F7AECAAED1DE}.Debug|Any CPU.ActiveCfg = Debug|Any CPU
		{E0E71F9B-0222-4C76-BEC7-F7AECAAED1DE}.Debug|Any CPU.Build.0 = Debug|Any CPU
		{E0E71F9B-0222-4C76-BEC7-F7AECAAED1DE}.Release|Any CPU.ActiveCfg = Release|Any CPU
		{E0E71F9B-0222-4C76-BEC7-F7AECAAED1DE}.Release|Any CPU.Build.0 = Release|Any CPU
	EndGlobalSection
	GlobalSection(SolutionProperties) = preSolution
		HideSolutionNode = FALSE
	EndGlobalSection
EndGlobal
