
Microsoft Visual Studio Solution File, Format Version 12.00
# Visual Studio Version 16
VisualStudioVersion = 16.0.29424.173
MinimumVisualStudioVersion = 10.0.40219.1
Project("{FAE04EC0-301F-11D3-BF4B-00C04F79EFBC}") = "ConsignmentShopUI", "ConsignmentShopUI\ConsignmentShopUI.csproj", "{E63F8860-810B-48F3-B0AD-2772941BDA96}"
EndProject
Project("{FAE04EC0-301F-11D3-BF4B-00C04F79EFBC}") = "ConsignmentShopLibrary", "ConsignmentShopLibrary\ConsignmentShopLibrary.csproj", "{5AD2B880-BAF5-4909-84E8-F38DFFCA8F46}"
EndProject
Project("{2150E333-8FDC-42A3-9474-1A3956D46DE8}") = "Examples", "Examples", "{CDA8582D-847B-4B7A-A498-57175BCE0DB5}"
EndProject
Project("{FAE04EC0-301F-11D3-BF4B-00C04F79EFBC}") = "Examples", "Examples\Examples.csproj", "{4ABF3105-0C0A-4155-9992-2F5978A85643}"
EndProject
Project("{FAE04EC0-301F-11D3-BF4B-00C04F79EFBC}") = "Example.Tests", "ExampleTests\Example.Tests.csproj", "{24061FB0-7A46-41D2-8464-13B9E8BED8A5}"
EndProject
Project("{FAE04EC0-301F-11D3-BF4B-00C04F79EFBC}") = "ProfitsTest", "ConsignmentShopLibrary\ProfitsTest\ProfitsTest.csproj", "{AE576304-AC09-41B2-BC61-2612179B933C}"
EndProject
Project("{2150E333-8FDC-42A3-9474-1A3956D46DE8}") = "RefTypeExercises", "RefTypeExercises", "{6E851D23-20FB-4E3D-B011-566DFCF42930}"
	ProjectSection(SolutionItems) = preProject
		ExampleTests\ReferenceTypesTest.cs = ExampleTests\ReferenceTypesTest.cs
	EndProjectSection
EndProject
Project("{FAE04EC0-301F-11D3-BF4B-00C04F79EFBC}") = "MyRefTypeExercises", "MyRefTypeExercises\MyRefTypeExercises.csproj", "{423CCA6A-B46E-40DD-B41C-297F584C3037}"
EndProject
Global
	GlobalSection(SolutionConfigurationPlatforms) = preSolution
		Debug|Any CPU = Debug|Any CPU
		Release|Any CPU = Release|Any CPU
	EndGlobalSection
	GlobalSection(ProjectConfigurationPlatforms) = postSolution
		{E63F8860-810B-48F3-B0AD-2772941BDA96}.Debug|Any CPU.ActiveCfg = Debug|Any CPU
		{E63F8860-810B-48F3-B0AD-2772941BDA96}.Debug|Any CPU.Build.0 = Debug|Any CPU
		{E63F8860-810B-48F3-B0AD-2772941BDA96}.Release|Any CPU.ActiveCfg = Release|Any CPU
		{E63F8860-810B-48F3-B0AD-2772941BDA96}.Release|Any CPU.Build.0 = Release|Any CPU
		{5AD2B880-BAF5-4909-84E8-F38DFFCA8F46}.Debug|Any CPU.ActiveCfg = Debug|Any CPU
		{5AD2B880-BAF5-4909-84E8-F38DFFCA8F46}.Debug|Any CPU.Build.0 = Debug|Any CPU
		{5AD2B880-BAF5-4909-84E8-F38DFFCA8F46}.Release|Any CPU.ActiveCfg = Release|Any CPU
		{5AD2B880-BAF5-4909-84E8-F38DFFCA8F46}.Release|Any CPU.Build.0 = Release|Any CPU
		{4ABF3105-0C0A-4155-9992-2F5978A85643}.Debug|Any CPU.ActiveCfg = Debug|Any CPU
		{4ABF3105-0C0A-4155-9992-2F5978A85643}.Debug|Any CPU.Build.0 = Debug|Any CPU
		{4ABF3105-0C0A-4155-9992-2F5978A85643}.Release|Any CPU.ActiveCfg = Release|Any CPU
		{4ABF3105-0C0A-4155-9992-2F5978A85643}.Release|Any CPU.Build.0 = Release|Any CPU
		{24061FB0-7A46-41D2-8464-13B9E8BED8A5}.Debug|Any CPU.ActiveCfg = Debug|Any CPU
		{24061FB0-7A46-41D2-8464-13B9E8BED8A5}.Debug|Any CPU.Build.0 = Debug|Any CPU
		{24061FB0-7A46-41D2-8464-13B9E8BED8A5}.Release|Any CPU.ActiveCfg = Release|Any CPU
		{24061FB0-7A46-41D2-8464-13B9E8BED8A5}.Release|Any CPU.Build.0 = Release|Any CPU
		{AE576304-AC09-41B2-BC61-2612179B933C}.Debug|Any CPU.ActiveCfg = Debug|Any CPU
		{AE576304-AC09-41B2-BC61-2612179B933C}.Debug|Any CPU.Build.0 = Debug|Any CPU
		{AE576304-AC09-41B2-BC61-2612179B933C}.Release|Any CPU.ActiveCfg = Release|Any CPU
		{AE576304-AC09-41B2-BC61-2612179B933C}.Release|Any CPU.Build.0 = Release|Any CPU
		{423CCA6A-B46E-40DD-B41C-297F584C3037}.Debug|Any CPU.ActiveCfg = Debug|Any CPU
		{423CCA6A-B46E-40DD-B41C-297F584C3037}.Debug|Any CPU.Build.0 = Debug|Any CPU
		{423CCA6A-B46E-40DD-B41C-297F584C3037}.Release|Any CPU.ActiveCfg = Release|Any CPU
		{423CCA6A-B46E-40DD-B41C-297F584C3037}.Release|Any CPU.Build.0 = Release|Any CPU
	EndGlobalSection
	GlobalSection(SolutionProperties) = preSolution
		HideSolutionNode = FALSE
	EndGlobalSection
	GlobalSection(NestedProjects) = preSolution
		{4ABF3105-0C0A-4155-9992-2F5978A85643} = {CDA8582D-847B-4B7A-A498-57175BCE0DB5}
		{24061FB0-7A46-41D2-8464-13B9E8BED8A5} = {CDA8582D-847B-4B7A-A498-57175BCE0DB5}
		{6E851D23-20FB-4E3D-B011-566DFCF42930} = {CDA8582D-847B-4B7A-A498-57175BCE0DB5}
		{423CCA6A-B46E-40DD-B41C-297F584C3037} = {6E851D23-20FB-4E3D-B011-566DFCF42930}
	EndGlobalSection
	GlobalSection(ExtensibilityGlobals) = postSolution
		SolutionGuid = {E785BA2B-2B69-4D84-B85A-607163B8EED0}
	EndGlobalSection
EndGlobal
